// !$*UTF8*$!
{
	archiveVersion = 1;
	classes = {
	};
	objectVersion = 77;
	objects = {

/* Begin PBXBuildFile section */
		CA490CAE2F61D50C00F6650D /* Auth in Frameworks */ = {isa = PBXBuildFile; productRef = CA490CAD2F61D50C00F6650D /* Auth */; };
		CA490CB02F61D50C00F6650D /* Functions in Frameworks */ = {isa = PBXBuildFile; productRef = CA490CAF2F61D50C00F6650D /* Functions */; };
		CA490CB22F61D50C00F6650D /* PostgREST in Frameworks */ = {isa = PBXBuildFile; productRef = CA490CB12F61D50C00F6650D /* PostgREST */; };
		CA490CB42F61D50C00F6650D /* Realtime in Frameworks */ = {isa = PBXBuildFile; productRef = CA490CB32F61D50C00F6650D /* Realtime */; };
		CA490CB62F61D50C00F6650D /* Storage in Frameworks */ = {isa = PBXBuildFile; productRef = CA490CB52F61D50C00F6650D /* Storage */; };
		CA490CB82F61D50C00F6650D /* Supabase in Frameworks */ = {isa = PBXBuildFile; productRef = CA490CB72F61D50C00F6650D /* Supabase */; };
/* End PBXBuildFile section */

/* Begin PBXFileReference section */
		FCFA26702F46035D00DA4D77 /* Mindora.app */ = {isa = PBXFileReference; explicitFileType = wrapper.application; includeInIndex = 0; path = Mindora.app; sourceTree = BUILT_PRODUCTS_DIR; };
/* End PBXFileReference section */

/* Begin PBXFileSystemSynchronizedBuildFileExceptionSet section */
		CA191D602EF2BF9F00E8F817 /* Exceptions for "Mindora" folder in "Mindora" target */ = {
			isa = PBXFileSystemSynchronizedBuildFileExceptionSet;
			membershipExceptions = (
				Info.plist,
			);
			target = CA191D4D2EF2BF9D00E8F817 /* Mindora */;
		};
/* End PBXFileSystemSynchronizedBuildFileExceptionSet section */

/* Begin PBXFileSystemSynchronizedRootGroup section */
		CA191D502EF2BF9D00E8F817 /* Mindora */ = {
			isa = PBXFileSystemSynchronizedRootGroup;
			exceptions = (
				CA191D602EF2BF9F00E8F817 /* Exceptions for "Mindora" folder in "Mindora" target */,
			);
			path = Mindora;
			sourceTree = "<group>";
		};
/* End PBXFileSystemSynchronizedRootGroup section */

/* Begin PBXFrameworksBuildPhase section */
		CA191D4B2EF2BF9D00E8F817 /* Frameworks */ = {
			isa = PBXFrameworksBuildPhase;
			buildActionMask = 2147483647;
			files = (
				CA490CB22F61D50C00F6650D /* PostgREST in Frameworks */,
				CA490CB02F61D50C00F6650D /* Functions in Frameworks */,
				CA490CB82F61D50C00F6650D /* Supabase in Frameworks */,
				CA490CAE2F61D50C00F6650D /* Auth in Frameworks */,
				CA490CB62F61D50C00F6650D /* Storage in Frameworks */,
				CA490CB42F61D50C00F6650D /* Realtime in Frameworks */,
			);
			runOnlyForDeploymentPostprocessing = 0;
		};
/* End PBXFrameworksBuildPhase section */

/* Begin PBXGroup section */
		CA191D452EF2BF9D00E8F817 = {
			isa = PBXGroup;
			children = (
				CA191D502EF2BF9D00E8F817 /* Mindora */,
				FCFA26702F46035D00DA4D77 /* Mindora.app */,
				CA490CAC2F61D50C00F6650D /* Frameworks */,
			);
			sourceTree = "<group>";
		};
		CA490CAC2F61D50C00F6650D /* Frameworks */ = {
			isa = PBXGroup;
			children = (
			);
			name = Frameworks;
			sourceTree = "<group>";
		};
/* End PBXGroup section */

/* Begin PBXNativeTarget section */
		CA191D4D2EF2BF9D00E8F817 /* Mindora */ = {
			isa = PBXNativeTarget;
			buildConfigurationList = CA191D612EF2BF9F00E8F817 /* Build configuration list for PBXNativeTarget "Mindora" */;
			buildPhases = (
				CA191D4A2EF2BF9D00E8F817 /* Sources */,
				CA191D4B2EF2BF9D00E8F817 /* Frameworks */,
				CA191D4C2EF2BF9D00E8F817 /* Resources */,
			);
			buildRules = (
			);
			dependencies = (
			);
			fileSystemSynchronizedGroups = (
				CA191D502EF2BF9D00E8F817 /* Mindora */,
			);
			name = Mindora;
			packageProductDependencies = (
				CA490CAD2F61D50C00F6650D /* Auth */,
				CA490CAF2F61D50C00F6650D /* Functions */,
				CA490CB12F61D50C00F6650D /* PostgREST */,
				CA490CB32F61D50C00F6650D /* Realtime */,
				CA490CB52F61D50C00F6650D /* Storage */,
				CA490CB72F61D50C00F6650D /* Supabase */,
			);
			productName = Mindora;
			productReference = FCFA26702F46035D00DA4D77 /* Mindora.app */;
			productType = "com.apple.product-type.application";
		};
/* End PBXNativeTarget section */

/* Begin PBXProject section */
		CA191D462EF2BF9D00E8F817 /* Project object */ = {
			isa = PBXProject;
			attributes = {
				BuildIndependentTargetsInParallel = 1;
				LastSwiftUpdateCheck = 2620;
				LastUpgradeCheck = 2620;
				TargetAttributes = {
					CA191D4D2EF2BF9D00E8F817 = {
						CreatedOnToolsVersion = 26.2;
					};
				};
			};
			buildConfigurationList = CA191D492EF2BF9D00E8F817 /* Build configuration list for PBXProject "Mindora" */;
			developmentRegion = en;
			hasScannedForEncodings = 0;
			knownRegions = (
				en,
				Base,
			);
			mainGroup = CA191D452EF2BF9D00E8F817;
			minimizedProjectReferenceProxies = 1;
			packageReferences = (
				CA490CAB2F61D36300F6650D /* XCRemoteSwiftPackageReference "supabase-swift" */,
			);
			preferredProjectObjectVersion = 77;
			productRefGroup = CA191D452EF2BF9D00E8F817;
			projectDirPath = "";
			projectRoot = "";
			targets = (
				CA191D4D2EF2BF9D00E8F817 /* Mindora */,
			);
		};
/* End PBXProject section */

/* Begin PBXResourcesBuildPhase section */
		CA191D4C2EF2BF9D00E8F817 /* Resources */ = {
			isa = PBXResourcesBuildPhase;
			buildActionMask = 2147483647;
			files = (
			);
			runOnlyForDeploymentPostprocessing = 0;
		};
/* End PBXResourcesBuildPhase section */

/* Begin PBXSourcesBuildPhase section */
		CA191D4A2EF2BF9D00E8F817 /* Sources */ = {
			isa = PBXSourcesBuildPhase;
			buildActionMask = 2147483647;
			files = (
			);
			runOnlyForDeploymentPostprocessing = 0;
		};
/* End PBXSourcesBuildPhase section */

/* Begin XCBuildConfiguration section */
		CA191D622EF2BF9F00E8F817 /* Debug */ = {
			isa = XCBuildConfiguration;
			buildSettings = {
				ASSETCATALOG_COMPILER_APPICON_NAME = AppIcon;
				ASSETCATALOG_COMPILER_GLOBAL_ACCENT_COLOR_NAME = AccentColor;
				CODE_SIGN_STYLE = Automatic;
				CURRENT_PROJECT_VERSION = 1;
				DEVELOPMENT_TEAM = K4PL8P5H56;
				GENERATE_INFOPLIST_FILE = YES;
				INFOPLIST_FILE = Mindora/Info.plist;
				INFOPLIST_KEY_UIApplicationSupportsIndirectInputEvents = YES;
				INFOPLIST_KEY_UILaunchStoryboardName = LaunchScreen;
				INFOPLIST_KEY_UIMainStoryboardFile = Main;
				INFOPLIST_KEY_UISupportedInterfaceOrientations_iPad = "UIInterfaceOrientationPortrait UIInterfaceOrientationPortraitUpsideDown UIInterfaceOrientationLandscapeLeft UIInterfaceOrientationLandscapeRight";
				INFOPLIST_KEY_UISupportedInterfaceOrientations_iPhone = "UIInterfaceOrientationPortrait UIInterfaceOrientationLandscapeLeft UIInterfaceOrientationLandscapeRight";
				LD_RUNPATH_SEARCH_PATHS = (
					"$(inherited)",
					"@executable_path/Frameworks",
				);
				MARKETING_VERSION = 1.0;
				PRODUCT_BUNDLE_IDENTIFIER = Mindora.Mindora;
				PRODUCT_NAME = "$(TARGET_NAME)";
				STRING_CATALOG_GENERATE_SYMBOLS = YES;
				SWIFT_APPROACHABLE_CONCURRENCY = YES;
				SWIFT_DEFAULT_ACTOR_ISOLATION = MainActor;
				SWIFT_EMIT_LOC_STRINGS = YES;
				SWIFT_UPCOMING_FEATURE_MEMBER_IMPORT_VISIBILITY = YES;
				SWIFT_VERSION = 5.0;
				TARGETED_DEVICE_FAMILY = "1,2";
			};
			name = Debug;
		};
		CA191D632EF2BF9F00E8F817 /* Release */ = {
			isa = XCBuildConfiguration;
			buildSettings = {
				ASSETCATALOG_COMPILER_APPICON_NAME = AppIcon;
				ASSETCATALOG_COMPILER_GLOBAL_ACCENT_COLOR_NAME = AccentColor;
				CODE_SIGN_STYLE = Automatic;
				CURRENT_PROJECT_VERSION = 1;
				DEVELOPMENT_TEAM = K4PL8P5H56;
				GENERATE_INFOPLIST_FILE = YES;
				INFOPLIST_FILE = Mindora/Info.plist;
				INFOPLIST_KEY_UIApplicationSupportsIndirectInputEvents = YES;
				INFOPLIST_KEY_UILaunchStoryboardName = LaunchScreen;
				INFOPLIST_KEY_UIMainStoryboardFile = Main;
				INFOPLIST_KEY_UISupportedInterfaceOrientations_iPad = "UIInterfaceOrientationPortrait UIInterfaceOrientationPortraitUpsideDown UIInterfaceOrientationLandscapeLeft UIInterfaceOrientationLandscapeRight";
				INFOPLIST_KEY_UISupportedInterfaceOrientations_iPhone = "UIInterfaceOrientationPortrait UIInterfaceOrientationLandscapeLeft UIInterfaceOrientationLandscapeRight";
				LD_RUNPATH_SEARCH_PATHS = (
					"$(inherited)",
					"@executable_path/Frameworks",
				);
				MARKETING_VERSION = 1.0;
				PRODUCT_BUNDLE_IDENTIFIER = Mindora.Mindora;
				PRODUCT_NAME = "$(TARGET_NAME)";
				STRING_CATALOG_GENERATE_SYMBOLS = YES;
				SWIFT_APPROACHABLE_CONCURRENCY = YES;
				SWIFT_DEFAULT_ACTOR_ISOLATION = MainActor;
				SWIFT_EMIT_LOC_STRINGS = YES;
				SWIFT_UPCOMING_FEATURE_MEMBER_IMPORT_VISIBILITY = YES;
				SWIFT_VERSION = 5.0;
				TARGETED_DEVICE_FAMILY = "1,2";
			};
			name = Release;
		};
		CA191D642EF2BF9F00E8F817 /* Debug */ = {
			isa = XCBuildConfiguration;
			buildSettings = {
				ALWAYS_SEARCH_USER_PATHS = NO;
				ASSETCATALOG_COMPILER_GENERATE_SWIFT_ASSET_SYMBOL_EXTENSIONS = YES;
				CLANG_ANALYZER_NONNULL = YES;
				CLANG_ANALYZER_NUMBER_OBJECT_CONVERSION = YES_AGGRESSIVE;
				CLANG_CXX_LANGUAGE_STANDARD = "gnu++20";
				CLANG_ENABLE_MODULES = YES;
				CLANG_ENABLE_OBJC_ARC = YES;
				CLANG_ENABLE_OBJC_WEAK = YES;
				CLANG_WARN_BLOCK_CAPTURE_AUTORELEASING = YES;
				CLANG_WARN_BOOL_CONVERSION = YES;
				CLANG_WARN_COMMA = YES;
				CLANG_WARN_CONSTANT_CONVERSION = YES;
				CLANG_WARN_DEPRECATED_OBJC_IMPLEMENTATIONS = YES;
				CLANG_WARN_DIRECT_OBJC_ISA_USAGE = YES_ERROR;
				CLANG_WARN_DOCUMENTATION_COMMENTS = YES;
				CLANG_WARN_EMPTY_BODY = YES;
				CLANG_WARN_ENUM_CONVERSION = YES;
				CLANG_WARN_INFINITE_RECURSION = YES;
				CLANG_WARN_INT_CONVERSION = YES;
				CLANG_WARN_NON_LITERAL_NULL_CONVERSION = YES;
				CLANG_WARN_OBJC_IMPLICIT_RETAIN_SELF = YES;
				CLANG_WARN_OBJC_LITERAL_CONVERSION = YES;
				CLANG_WARN_OBJC_ROOT_CLASS = YES_ERROR;
				CLANG_WARN_QUOTED_INCLUDE_IN_FRAMEWORK_HEADER = YES;
				CLANG_WARN_RANGE_LOOP_ANALYSIS = YES;
				CLANG_WARN_STRICT_PROTOTYPES = YES;
				CLANG_WARN_SUSPICIOUS_MOVE = YES;
				CLANG_WARN_UNGUARDED_AVAILABILITY = YES_AGGRESSIVE;
				CLANG_WARN_UNREACHABLE_CODE = YES;
				CLANG_WARN__DUPLICATE_METHOD_MATCH = YES;
				COPY_PHASE_STRIP = NO;
				DEBUG_INFORMATION_FORMAT = dwarf;
				DEVELOPMENT_TEAM = K4PL8P5H56;
				ENABLE_STRICT_OBJC_MSGSEND = YES;
				ENABLE_TESTABILITY = YES;
				ENABLE_USER_SCRIPT_SANDBOXING = YES;
				GCC_C_LANGUAGE_STANDARD = gnu17;
				GCC_DYNAMIC_NO_PIC = NO;
				GCC_NO_COMMON_BLOCKS = YES;
				GCC_OPTIMIZATION_LEVEL = 0;
				GCC_PREPROCESSOR_DEFINITIONS = (
					"DEBUG=1",
					"$(inherited)",
				);
				GCC_WARN_64_TO_32_BIT_CONVERSION = YES;
				GCC_WARN_ABOUT_RETURN_TYPE = YES_ERROR;
				GCC_WARN_UNDECLARED_SELECTOR = YES;
				GCC_WARN_UNINITIALIZED_AUTOS = YES_AGGRESSIVE;
				GCC_WARN_UNUSED_FUNCTION = YES;
				GCC_WARN_UNUSED_VARIABLE = YES;
				IPHONEOS_DEPLOYMENT_TARGET = 15.0;
				LOCALIZATION_PREFERS_STRING_CATALOGS = YES;
				MTL_ENABLE_DEBUG_INFO = INCLUDE_SOURCE;
				MTL_FAST_MATH = YES;
				ONLY_ACTIVE_ARCH = YES;
				SDKROOT = iphoneos;
				SWIFT_ACTIVE_COMPILATION_CONDITIONS = "DEBUG $(inherited)";
				SWIFT_OPTIMIZATION_LEVEL = "-Onone";
			};
			name = Debug;
		};
		CA191D652EF2BF9F00E8F817 /* Release */ = {
			isa = XCBuildConfiguration;
			buildSettings = {
				ALWAYS_SEARCH_USER_PATHS = NO;
				ASSETCATALOG_COMPILER_GENERATE_SWIFT_ASSET_SYMBOL_EXTENSIONS = YES;
				CLANG_ANALYZER_NONNULL = YES;
				CLANG_ANALYZER_NUMBER_OBJECT_CONVERSION = YES_AGGRESSIVE;
				CLANG_CXX_LANGUAGE_STANDARD = "gnu++20";
				CLANG_ENABLE_MODULES = YES;
				CLANG_ENABLE_OBJC_ARC = YES;
				CLANG_ENABLE_OBJC_WEAK = YES;
				CLANG_WARN_BLOCK_CAPTURE_AUTORELEASING = YES;
				CLANG_WARN_BOOL_CONVERSION = YES;
				CLANG_WARN_COMMA = YES;
				CLANG_WARN_CONSTANT_CONVERSION = YES;
				CLANG_WARN_DEPRECATED_OBJC_IMPLEMENTATIONS = YES;
				CLANG_WARN_DIRECT_OBJC_ISA_USAGE = YES_ERROR;
				CLANG_WARN_DOCUMENTATION_COMMENTS = YES;
				CLANG_WARN_EMPTY_BODY = YES;
				CLANG_WARN_ENUM_CONVERSION = YES;
				CLANG_WARN_INFINITE_RECURSION = YES;
				CLANG_WARN_INT_CONVERSION = YES;
				CLANG_WARN_NON_LITERAL_NULL_CONVERSION = YES;
				CLANG_WARN_OBJC_IMPLICIT_RETAIN_SELF = YES;
				CLANG_WARN_OBJC_LITERAL_CONVERSION = YES;
				CLANG_WARN_OBJC_ROOT_CLASS = YES_ERROR;
				CLANG_WARN_QUOTED_INCLUDE_IN_FRAMEWORK_HEADER = YES;
				CLANG_WARN_RANGE_LOOP_ANALYSIS = YES;
				CLANG_WARN_STRICT_PROTOTYPES = YES;
				CLANG_WARN_SUSPICIOUS_MOVE = YES;
				CLANG_WARN_UNGUARDED_AVAILABILITY = YES_AGGRESSIVE;
				CLANG_WARN_UNREACHABLE_CODE = YES;
				CLANG_WARN__DUPLICATE_METHOD_MATCH = YES;
				COPY_PHASE_STRIP = NO;
				DEBUG_INFORMATION_FORMAT = "dwarf-with-dsym";
				DEVELOPMENT_TEAM = K4PL8P5H56;
				ENABLE_NS_ASSERTIONS = NO;
				ENABLE_STRICT_OBJC_MSGSEND = YES;
				ENABLE_USER_SCRIPT_SANDBOXING = YES;
				GCC_C_LANGUAGE_STANDARD = gnu17;
				GCC_NO_COMMON_BLOCKS = YES;
				GCC_WARN_64_TO_32_BIT_CONVERSION = YES;
				GCC_WARN_ABOUT_RETURN_TYPE = YES_ERROR;
				GCC_WARN_UNDECLARED_SELECTOR = YES;
				GCC_WARN_UNINITIALIZED_AUTOS = YES_AGGRESSIVE;
				GCC_WARN_UNUSED_FUNCTION = YES;
				GCC_WARN_UNUSED_VARIABLE = YES;
				IPHONEOS_DEPLOYMENT_TARGET = 15.0;
				LOCALIZATION_PREFERS_STRING_CATALOGS = YES;
				MTL_ENABLE_DEBUG_INFO = NO;
				MTL_FAST_MATH = YES;
				SDKROOT = iphoneos;
				SWIFT_COMPILATION_MODE = wholemodule;
				VALIDATE_PRODUCT = YES;
			};
			name = Release;
		};
/* End XCBuildConfiguration section */

/* Begin XCConfigurationList section */
		CA191D492EF2BF9D00E8F817 /* Build configuration list for PBXProject "Mindora" */ = {
			isa = XCConfigurationList;
			buildConfigurations = (
				CA191D642EF2BF9F00E8F817 /* Debug */,
				CA191D652EF2BF9F00E8F817 /* Release */,
			);
			defaultConfigurationIsVisible = 0;
			defaultConfigurationName = Release;
		};
		CA191D612EF2BF9F00E8F817 /* Build configuration list for PBXNativeTarget "Mindora" */ = {
			isa = XCConfigurationList;
			buildConfigurations = (
				CA191D622EF2BF9F00E8F817 /* Debug */,
				CA191D632EF2BF9F00E8F817 /* Release */,
			);
			defaultConfigurationIsVisible = 0;
			defaultConfigurationName = Release;
		};
/* End XCConfigurationList section */

/* Begin XCRemoteSwiftPackageReference section */
		CA490CAB2F61D36300F6650D /* XCRemoteSwiftPackageReference "supabase-swift" */ = {
			isa = XCRemoteSwiftPackageReference;
			repositoryURL = "https://github.com/supabase/supabase-swift.git";
			requirement = {
				kind = upToNextMajorVersion;
				minimumVersion = 2.5.1;
			};
		};
/* End XCRemoteSwiftPackageReference section */

/* Begin XCSwiftPackageProductDependency section */
		CA490CAD2F61D50C00F6650D /* Auth */ = {
			isa = XCSwiftPackageProductDependency;
			package = CA490CAB2F61D36300F6650D /* XCRemoteSwiftPackageReference "supabase-swift" */;
			productName = Auth;
		};
		CA490CAF2F61D50C00F6650D /* Functions */ = {
			isa = XCSwiftPackageProductDependency;
			package = CA490CAB2F61D36300F6650D /* XCRemoteSwiftPackageReference "supabase-swift" */;
			productName = Functions;
		};
		CA490CB12F61D50C00F6650D /* PostgREST */ = {
			isa = XCSwiftPackageProductDependency;
			package = CA490CAB2F61D36300F6650D /* XCRemoteSwiftPackageReference "supabase-swift" */;
			productName = PostgREST;
		};
		CA490CB32F61D50C00F6650D /* Realtime */ = {
			isa = XCSwiftPackageProductDependency;
			package = CA490CAB2F61D36300F6650D /* XCRemoteSwiftPackageReference "supabase-swift" */;
			productName = Realtime;
		};
		CA490CB52F61D50C00F6650D /* Storage */ = {
			isa = XCSwiftPackageProductDependency;
			package = CA490CAB2F61D36300F6650D /* XCRemoteSwiftPackageReference "supabase-swift" */;
			productName = Storage;
		};
		CA490CB72F61D50C00F6650D /* Supabase */ = {
			isa = XCSwiftPackageProductDependency;
			package = CA490CAB2F61D36300F6650D /* XCRemoteSwiftPackageReference "supabase-swift" */;
			productName = Supabase;
		};
/* End XCSwiftPackageProductDependency section */
	};
	rootObject = CA191D462EF2BF9D00E8F817 /* Project object */;
}
